
Microsoft Visual Studio Solution File, Format Version 12.00
# Visual Studio 14
VisualStudioVersion = 14.0.24720.0
MinimumVisualStudioVersion = 10.0.40219.1
Project("{FAE04EC0-301F-11D3-BF4B-00C04F79EFBC}") = "ModernWpf.Core", "src\ModernWpf.Core\ModernWpf.Core.csproj", "{A06362A2-99A7-48C9-BB26-8CE1BD0EACD5}"
EndProject
Project("{2150E333-8FDC-42A3-9474-1A3956D46DE8}") = "Others", "Others", "{80E47E2C-6CA9-455F-8E61-3D98AA637D9A}"
	ProjectSection(SolutionItems) = preProject
		LICENSE.txt = LICENSE.txt
		build\nuget.cmd = build\nuget.cmd
	EndProjectSection
EndProject
Global
	GlobalSection(SolutionConfigurationPlatforms) = preSolution
		Debug|Any CPU = Debug|Any CPU
		Release|Any CPU = Release|Any CPU
	EndGlobalSection
	GlobalSection(ProjectConfigurationPlatforms) = postSolution
		{A06362A2-99A7-48C9-BB26-8CE1BD0EACD5}.Debug|Any CPU.ActiveCfg = Debug|Any CPU
		{A06362A2-99A7-48C9-BB26-8CE1BD0EACD5}.Debug|Any CPU.Build.0 = Debug|Any CPU
		{A06362A2-99A7-48C9-BB26-8CE1BD0EACD5}.Release|Any CPU.ActiveCfg = Release|Any CPU
		{A06362A2-99A7-48C9-BB26-8CE1BD0EACD5}.Release|Any CPU.Build.0 = Release|Any CPU
	EndGlobalSection
	GlobalSection(SolutionProperties) = preSolution
		HideSolutionNode = FALSE
	EndGlobalSection
EndGlobal
